
Microsoft Visual Studio Solution File, Format Version 12.00
# Visual Studio Version 17
VisualStudioVersion = 17.0.31903.59
MinimumVisualStudioVersion = 10.0.40219.1
Project("{FAE04EC0-301F-11D3-BF4B-00C04F79EFBC}") = "SharpSteer2", "SharpSteer2\SharpSteer2.csproj", "{52CB25BD-0C96-45A2-A22C-6F361D37E077}"
EndProject
Project("{FAE04EC0-301F-11D3-BF4B-00C04F79EFBC}") = "SharpSteer2.Tests", "SharpSteer2.Tests\SharpSteer2.Tests.csproj", "{663A5347-6887-4A29-A7E5-1DDF11ABD452}"
EndProject
Global
	GlobalSection(SolutionConfigurationPlatforms) = preSolution
		Debug|Any CPU = Debug|Any CPU
		Release|Any CPU = Release|Any CPU
	EndGlobalSection
	GlobalSection(SolutionProperties) = preSolution
		HideSolutionNode = FALSE
	EndGlobalSection
	GlobalSection(ProjectConfigurationPlatforms) = postSolution
		{52CB25BD-0C96-45A2-A22C-6F361D37E077}.Debug|Any CPU.ActiveCfg = Debug|Any CPU
		{52CB25BD-0C96-45A2-A22C-6F361D37E077}.Debug|Any CPU.Build.0 = Debug|Any CPU
		{52CB25BD-0C96-45A2-A22C-6F361D37E077}.Release|Any CPU.ActiveCfg = Release|Any CPU
		{52CB25BD-0C96-45A2-A22C-6F361D37E077}.Release|Any CPU.Build.0 = Release|Any CPU
		{663A5347-6887-4A29-A7E5-1DDF11ABD452}.Debug|Any CPU.ActiveCfg = Debug|Any CPU
		{663A5347-6887-4A29-A7E5-1DDF11ABD452}.Debug|Any CPU.Build.0 = Debug|Any CPU
		{663A5347-6887-4A29-A7E5-1DDF11ABD452}.Release|Any CPU.ActiveCfg = Release|Any CPU
		{663A5347-6887-4A29-A7E5-1DDF11ABD452}.Release|Any CPU.Build.0 = Release|Any CPU
	EndGlobalSection
EndGlobal
